
Microsoft Visual Studio Solution File, Format Version 11.00
# Visual Studio 2010
Project("{FAE04EC0-301F-11D3-BF4B-00C04F79EFBC}") = "Core", "Core\Core.csproj", "{F74340CA-FC39-4890-9265-DEAB6FE0B534}"
EndProject
Project("{FAE04EC0-301F-11D3-BF4B-00C04F79EFBC}") = "UnitTests", "UnitTests\UnitTests.csproj", "{4BA26AC4-A9A3-44D2-9E76-3CC1821F4D45}"
EndProject
Global
	GlobalSection(SolutionConfigurationPlatforms) = preSolution
		Debug|Any CPU = Debug|Any CPU
		Release|Any CPU = Release|Any CPU
	EndGlobalSection
	GlobalSection(ProjectConfigurationPlatforms) = postSolution
		{F74340CA-FC39-4890-9265-DEAB6FE0B534}.Debug|Any CPU.ActiveCfg = Debug|Any CPU
		{F74340CA-FC39-4890-9265-DEAB6FE0B534}.Debug|Any CPU.Build.0 = Debug|Any CPU
		{F74340CA-FC39-4890-9265-DEAB6FE0B534}.Release|Any CPU.ActiveCfg = Release|Any CPU
		{F74340CA-FC39-4890-9265-DEAB6FE0B534}.Release|Any CPU.Build.0 = Release|Any CPU
		{4BA26AC4-A9A3-44D2-9E76-3CC1821F4D45}.Debug|Any CPU.ActiveCfg = Debug|Any CPU
		{4BA26AC4-A9A3-44D2-9E76-3CC1821F4D45}.Debug|Any CPU.Build.0 = Debug|Any CPU
		{4BA26AC4-A9A3-44D2-9E76-3CC1821F4D45}.Release|Any CPU.ActiveCfg = Release|Any CPU
		{4BA26AC4-A9A3-44D2-9E76-3CC1821F4D45}.Release|Any CPU.Build.0 = Release|Any CPU
	EndGlobalSection
	GlobalSection(SolutionProperties) = preSolution
		HideSolutionNode = FALSE
	EndGlobalSection
EndGlobal
